{"servers":{"toy":{"tools":{"echo":{"approvedAt":"2026-07-02T23:55:59.041Z","hash":"12879d8bfeee59de1856c22d40e2bbb446c72217de0c5c1bb0825270552836df"},"read_web":{"approvedAt":"2026-07-02T23:55:59.041Z","hash":"88cbcf25050a9420986b08b6c38e5390d5922bc6500312903d60b33da4f37eec"},"sample_model":{"approvedAt":"2026-07-02T23:55:59.041Z","hash":"55f822089b2e6eb1c791e0337255ca52a857bdca22574d99f149b51c2eb0e3a4"},"send_email":{"approvedAt":"2026-07-02T23:55:59.041Z","hash":"7a15f8117eb16386eca415118f43a9b360ceaca5db65ca14f09c2e10c1a06b75"}}}},"version":1}
